
Microsoft Visual Studio Solution File, Format Version 12.00
# Visual Studio Version 16
VisualStudioVersion = 16.0.32407.337
MinimumVisualStudioVersion = 10.0.40219.1
Project("{FAE04EC0-301F-11D3-BF4B-00C04F79EFBC}") = "csharp-starter-docker", "csharp-starter-docker\csharp-starter-docker.csproj", "{ABC683D6-D6FB-49EF-9C94-8D79DB7250E8}"
EndProject
Global
	GlobalSection(SolutionConfigurationPlatforms) = preSolution
		Debug|Any CPU = Debug|Any CPU
		Release|Any CPU = Release|Any CPU
	EndGlobalSection
	GlobalSection(ProjectConfigurationPlatforms) = postSolution
		{ABC683D6-D6FB-49EF-9C94-8D79DB7250E8}.Debug|Any CPU.ActiveCfg = Debug|Any CPU
		{ABC683D6-D6FB-49EF-9C94-8D79DB7250E8}.Debug|Any CPU.Build.0 = Debug|Any CPU
		{ABC683D6-D6FB-49EF-9C94-8D79DB7250E8}.Release|Any CPU.ActiveCfg = Release|Any CPU
		{ABC683D6-D6FB-49EF-9C94-8D79DB7250E8}.Release|Any CPU.Build.0 = Release|Any CPU
	EndGlobalSection
	GlobalSection(SolutionProperties) = preSolution
		HideSolutionNode = FALSE
	EndGlobalSection
	GlobalSection(ExtensibilityGlobals) = postSolution
		SolutionGuid = {F7119BB1-D0CE-434C-BB3A-AD3234063C0F}
	EndGlobalSection
EndGlobal
